
Microsoft Visual Studio Solution File, Format Version 12.00
# Visual Studio Version 17
VisualStudioVersion = 17.2.32526.322
MinimumVisualStudioVersion = 10.0.40219.1
Project("{9A19103F-16F7-4668-BE54-9A1E7A4F7556}") = "WebApiMotoRental", "WebApiMotoRental\WebApiMotoRental.csproj", "{92A993CE-582E-4425-B709-339B3C9B5F11}"
EndProject
Project("{9A19103F-16F7-4668-BE54-9A1E7A4F7556}") = "MotoRentalService", "MotoRentalService\MotoRentalService.csproj", "{CF7245D6-0F23-43C6-8C86-19AB61E264F6}"
EndProject
Project("{FAE04EC0-301F-11D3-BF4B-00C04F79EFBC}") = "MotoRentalTest", "TestMotoRental\MotoRentalTest.csproj", "{09E58B42-D84E-48EE-A9AA-E9BE617FCF3F}"
EndProject
Global
	GlobalSection(SolutionConfigurationPlatforms) = preSolution
		Debug|Any CPU = Debug|Any CPU
		Release|Any CPU = Release|Any CPU
	EndGlobalSection
	GlobalSection(ProjectConfigurationPlatforms) = postSolution
		{92A993CE-582E-4425-B709-339B3C9B5F11}.Debug|Any CPU.ActiveCfg = Debug|Any CPU
		{92A993CE-582E-4425-B709-339B3C9B5F11}.Debug|Any CPU.Build.0 = Debug|Any CPU
		{92A993CE-582E-4425-B709-339B3C9B5F11}.Release|Any CPU.ActiveCfg = Release|Any CPU
		{92A993CE-582E-4425-B709-339B3C9B5F11}.Release|Any CPU.Build.0 = Release|Any CPU
		{CF7245D6-0F23-43C6-8C86-19AB61E264F6}.Debug|Any CPU.ActiveCfg = Debug|Any CPU
		{CF7245D6-0F23-43C6-8C86-19AB61E264F6}.Debug|Any CPU.Build.0 = Debug|Any CPU
		{CF7245D6-0F23-43C6-8C86-19AB61E264F6}.Release|Any CPU.ActiveCfg = Release|Any CPU
		{CF7245D6-0F23-43C6-8C86-19AB61E264F6}.Release|Any CPU.Build.0 = Release|Any CPU
		{09E58B42-D84E-48EE-A9AA-E9BE617FCF3F}.Debug|Any CPU.ActiveCfg = Debug|Any CPU
		{09E58B42-D84E-48EE-A9AA-E9BE617FCF3F}.Debug|Any CPU.Build.0 = Debug|Any CPU
		{09E58B42-D84E-48EE-A9AA-E9BE617FCF3F}.Release|Any CPU.ActiveCfg = Release|Any CPU
		{09E58B42-D84E-48EE-A9AA-E9BE617FCF3F}.Release|Any CPU.Build.0 = Release|Any CPU
	EndGlobalSection
	GlobalSection(SolutionProperties) = preSolution
		HideSolutionNode = FALSE
	EndGlobalSection
	GlobalSection(ExtensibilityGlobals) = postSolution
		SolutionGuid = {B0C3790B-7DE6-44ED-8A51-543C9F555489}
	EndGlobalSection
EndGlobal
